
Microsoft Visual Studio Solution File, Format Version 12.00
# Visual Studio Version 16
VisualStudioVersion = 16.0.30907.101
MinimumVisualStudioVersion = 10.0.40219.1
Project("{FAE04EC0-301F-11D3-BF4B-00C04F79EFBC}") = "Dll2Shellcode", "Dll2Shellcode\Dll2Shellcode.csproj", "{988C97F1-7ADC-4510-B342-FDCBA98B91E6}"
EndProject
Global
	GlobalSection(SolutionConfigurationPlatforms) = preSolution
		Debug|Any CPU = Debug|Any CPU
		Release|Any CPU = Release|Any CPU
	EndGlobalSection
	GlobalSection(ProjectConfigurationPlatforms) = postSolution
		{988C97F1-7ADC-4510-B342-FDCBA98B91E6}.Debug|Any CPU.ActiveCfg = Debug|Any CPU
		{988C97F1-7ADC-4510-B342-FDCBA98B91E6}.Debug|Any CPU.Build.0 = Debug|Any CPU
		{988C97F1-7ADC-4510-B342-FDCBA98B91E6}.Release|Any CPU.ActiveCfg = Release|Any CPU
		{988C97F1-7ADC-4510-B342-FDCBA98B91E6}.Release|Any CPU.Build.0 = Release|Any CPU
	EndGlobalSection
	GlobalSection(SolutionProperties) = preSolution
		HideSolutionNode = FALSE
	EndGlobalSection
	GlobalSection(ExtensibilityGlobals) = postSolution
		SolutionGuid = {CEF3AEF6-498E-40B4-AA83-4A5470A38B5F}
	EndGlobalSection
EndGlobal
